// !$*UTF8*$!
{
	archiveVersion = 1;
	classes = {
	};
	objectVersion = 46;
	objects = {

/* Begin PBXBuildFile section */
		A9705B611CDB46200018814E /* main.m in Sources */ = {isa = PBXBuildFile; fileRef = A9705B601CDB46200018814E /* main.m */; };
		A9705B641CDB46200018814E /* AppDelegate.m in Sources */ = {isa = PBXBuildFile; fileRef = A9705B631CDB46200018814E /* AppDelegate.m */; };
		A9705B671CDB46200018814E /* ViewController.m in Sources */ = {isa = PBXBuildFile; fileRef = A9705B661CDB46200018814E /* ViewController.m */; };
		A9705B6A1CDB46200018814E /* Main.storyboard in Resources */ = {isa = PBXBuildFile; fileRef = A9705B681CDB46200018814E /* Main.storyboard */; };
		A9705B6C1CDB46200018814E /* Assets.xcassets in Resources */ = {isa = PBXBuildFile; fileRef = A9705B6B1CDB46200018814E /* Assets.xcassets */; };
		A9705B6F1CDB46200018814E /* LaunchScreen.storyboard in Resources */ = {isa = PBXBuildFile; fileRef = A9705B6D1CDB46200018814E /* LaunchScreen.storyboard */; };
		A9705B831CDB52190018814E /* InfoPlist.strings in Resources */ = {isa = PBXBuildFile; fileRef = A9705B851CDB52190018814E /* InfoPlist.strings */; };
		A9B10BC41CF30326004FB652 /* UIDevice+LVAdd.m in Sources */ = {isa = PBXBuildFile; fileRef = A9B10BC31CF30326004FB652 /* UIDevice+LVAdd.m */; };
		A9B10BC71CF30BA1004FB652 /* NSString+LVAdd.m in Sources */ = {isa = PBXBuildFile; fileRef = A9B10BC61CF30BA1004FB652 /* NSString+LVAdd.m */; };
		A9F78C361CF6E0B60010FF17 /* CoreMusicPlayer.m in Sources */ = {isa = PBXBuildFile; fileRef = A9F78C351CF6E0B60010FF17 /* CoreMusicPlayer.m */; };
		A9F78C391CF6F17E0010FF17 /* CMPlayer.m in Sources */ = {isa = PBXBuildFile; fileRef = A9F78C381CF6F17E0010FF17 /* CMPlayer.m */; };
		A9F78C3C1CF6F1A90010FF17 /* CMToolView.m in Sources */ = {isa = PBXBuildFile; fileRef = A9F78C3B1CF6F1A90010FF17 /* CMToolView.m */; };
		A9F856F81CFD95A6000B290A /* CMPlayerManager.m in Sources */ = {isa = PBXBuildFile; fileRef = A9F856F71CFD95A6000B290A /* CMPlayerManager.m */; };
		A9F856FC1CFD9678000B290A /* CMSongInfo.m in Sources */ = {isa = PBXBuildFile; fileRef = A9F856FB1CFD9678000B290A /* CMSongInfo.m */; };
		A9F856FE1CFD9870000B290A /* MediaPlayer.framework in Frameworks */ = {isa = PBXBuildFile; fileRef = A9F856FD1CFD9870000B290A /* MediaPlayer.framework */; };
		A9F857001CFD98A0000B290A /* AVFoundation.framework in Frameworks */ = {isa = PBXBuildFile; fileRef = A9F856FF1CFD98A0000B290A /* AVFoundation.framework */; };
		A9FA8A2A1CDB91C6007B6E78 /* UINavigationController+FullScreenBackGesture.m in Sources */ = {isa = PBXBuildFile; fileRef = A9FA8A291CDB91C6007B6E78 /* UINavigationController+FullScreenBackGesture.m */; };
		A9FA8A2E1CDB9755007B6E78 /* BaseNavigationController.m in Sources */ = {isa = PBXBuildFile; fileRef = A9FA8A2D1CDB9755007B6E78 /* BaseNavigationController.m */; };
		A9FA8A311CDB9824007B6E78 /* AbstractViewController.m in Sources */ = {isa = PBXBuildFile; fileRef = A9FA8A301CDB9824007B6E78 /* AbstractViewController.m */; };
		A9FA8A3A1CDBA394007B6E78 /* UIFont+GetFont.m in Sources */ = {isa = PBXBuildFile; fileRef = A9FA8A391CDBA394007B6E78 /* UIFont+GetFont.m */; };
		A9FA8A3D1CDBA39F007B6E78 /* UIView+GetRect.m in Sources */ = {isa = PBXBuildFile; fileRef = A9FA8A3C1CDBA39F007B6E78 /* UIView+GetRect.m */; };
		A9FA8A401CDBAA42007B6E78 /* BaseNormalViewController.m in Sources */ = {isa = PBXBuildFile; fileRef = A9FA8A3F1CDBAA42007B6E78 /* BaseNormalViewController.m */; };
		CA53C59B832A3AA23ED40CA3 /* libPods.a in Frameworks */ = {isa = PBXBuildFile; fileRef = E6681F967558A9F5E342AD81 /* libPods.a */; };
/* End PBXBuildFile section */

/* Begin PBXFileReference section */
		512FB04AA07FF74C943228C9 /* Pods.release.xcconfig */ = {isa = PBXFileReference; includeInIndex = 1; lastKnownFileType = text.xcconfig; name = Pods.release.xcconfig; path = "Pods/Target Support Files/Pods/Pods.release.xcconfig"; sourceTree = "<group>"; };
		5231CDED1F04916EBCB526E5 /* Pods.debug.xcconfig */ = {isa = PBXFileReference; includeInIndex = 1; lastKnownFileType = text.xcconfig; name = Pods.debug.xcconfig; path = "Pods/Target Support Files/Pods/Pods.debug.xcconfig"; sourceTree = "<group>"; };
		A92D12701CF7F68700A5A2B2 /* PrefixHeader.pch */ = {isa = PBXFileReference; lastKnownFileType = sourcecode.c.h; path = PrefixHeader.pch; sourceTree = "<group>"; };
		A9705B5C1CDB461F0018814E /* lvMusic_iOS.app */ = {isa = PBXFileReference; explicitFileType = wrapper.application; includeInIndex = 0; path = lvMusic_iOS.app; sourceTree = BUILT_PRODUCTS_DIR; };
		A9705B601CDB46200018814E /* main.m */ = {isa = PBXFileReference; lastKnownFileType = sourcecode.c.objc; path = main.m; sourceTree = "<group>"; };
		A9705B621CDB46200018814E /* AppDelegate.h */ = {isa = PBXFileReference; lastKnownFileType = sourcecode.c.h; path = AppDelegate.h; sourceTree = "<group>"; };
		A9705B631CDB46200018814E /* AppDelegate.m */ = {isa = PBXFileReference; lastKnownFileType = sourcecode.c.objc; path = AppDelegate.m; sourceTree = "<group>"; };
		A9705B651CDB46200018814E /* ViewController.h */ = {isa = PBXFileReference; lastKnownFileType = sourcecode.c.h; path = ViewController.h; sourceTree = "<group>"; };
		A9705B661CDB46200018814E /* ViewController.m */ = {isa = PBXFileReference; lastKnownFileType = sourcecode.c.objc; path = ViewController.m; sourceTree = "<group>"; };
		A9705B691CDB46200018814E /* Base */ = {isa = PBXFileReference; lastKnownFileType = file.storyboard; name = Base; path = Base.lproj/Main.storyboard; sourceTree = "<group>"; };
		A9705B6B1CDB46200018814E /* Assets.xcassets */ = {isa = PBXFileReference; lastKnownFileType = folder.assetcatalog; path = Assets.xcassets; sourceTree = "<group>"; };
		A9705B6E1CDB46200018814E /* Base */ = {isa = PBXFileReference; lastKnownFileType = file.storyboard; name = Base; path = Base.lproj/LaunchScreen.storyboard; sourceTree = "<group>"; };
		A9705B701CDB46200018814E /* Info.plist */ = {isa = PBXFileReference; lastKnownFileType = text.plist.xml; path = Info.plist; sourceTree = "<group>"; };
		A9705B861CDB521F0018814E /* en */ = {isa = PBXFileReference; lastKnownFileType = text.plist.strings; name = en; path = en.lproj/InfoPlist.strings; sourceTree = "<group>"; };
		A9705B871CDB522B0018814E /* zh-Hans */ = {isa = PBXFileReference; lastKnownFileType = text.plist.strings; name = "zh-Hans"; path = "zh-Hans.lproj/InfoPlist.strings"; sourceTree = "<group>"; };
		A9B10BC21CF30326004FB652 /* UIDevice+LVAdd.h */ = {isa = PBXFileReference; fileEncoding = 4; lastKnownFileType = sourcecode.c.h; path = "UIDevice+LVAdd.h"; sourceTree = "<group>"; };
		A9B10BC31CF30326004FB652 /* UIDevice+LVAdd.m */ = {isa = PBXFileReference; fileEncoding = 4; lastKnownFileType = sourcecode.c.objc; path = "UIDevice+LVAdd.m"; sourceTree = "<group>"; };
		A9B10BC51CF30BA1004FB652 /* NSString+LVAdd.h */ = {isa = PBXFileReference; fileEncoding = 4; lastKnownFileType = sourcecode.c.h; path = "NSString+LVAdd.h"; sourceTree = "<group>"; };
		A9B10BC61CF30BA1004FB652 /* NSString+LVAdd.m */ = {isa = PBXFileReference; fileEncoding = 4; lastKnownFileType = sourcecode.c.objc; path = "NSString+LVAdd.m"; sourceTree = "<group>"; };
		A9F1E3961CDC43FB00E4E511 /* LvGlobal.h */ = {isa = PBXFileReference; lastKnownFileType = sourcecode.c.h; path = LvGlobal.h; sourceTree = "<group>"; };
		A9F78C341CF6E0B60010FF17 /* CoreMusicPlayer.h */ = {isa = PBXFileReference; fileEncoding = 4; lastKnownFileType = sourcecode.c.h; path = CoreMusicPlayer.h; sourceTree = "<group>"; };
		A9F78C351CF6E0B60010FF17 /* CoreMusicPlayer.m */ = {isa = PBXFileReference; fileEncoding = 4; lastKnownFileType = sourcecode.c.objc; path = CoreMusicPlayer.m; sourceTree = "<group>"; };
		A9F78C371CF6F17E0010FF17 /* CMPlayer.h */ = {isa = PBXFileReference; fileEncoding = 4; lastKnownFileType = sourcecode.c.h; path = CMPlayer.h; sourceTree = "<group>"; };
		A9F78C381CF6F17E0010FF17 /* CMPlayer.m */ = {isa = PBXFileReference; fileEncoding = 4; lastKnownFileType = sourcecode.c.objc; path = CMPlayer.m; sourceTree = "<group>"; };
		A9F78C3A1CF6F1A90010FF17 /* CMToolView.h */ = {isa = PBXFileReference; fileEncoding = 4; lastKnownFileType = sourcecode.c.h; path = CMToolView.h; sourceTree = "<group>"; };
		A9F78C3B1CF6F1A90010FF17 /* CMToolView.m */ = {isa = PBXFileReference; fileEncoding = 4; lastKnownFileType = sourcecode.c.objc; path = CMToolView.m; sourceTree = "<group>"; };
		A9F856F61CFD95A6000B290A /* CMPlayerManager.h */ = {isa = PBXFileReference; fileEncoding = 4; lastKnownFileType = sourcecode.c.h; path = CMPlayerManager.h; sourceTree = "<group>"; };
		A9F856F71CFD95A6000B290A /* CMPlayerManager.m */ = {isa = PBXFileReference; fileEncoding = 4; lastKnownFileType = sourcecode.c.objc; path = CMPlayerManager.m; sourceTree = "<group>"; };
		A9F856FA1CFD9678000B290A /* CMSongInfo.h */ = {isa = PBXFileReference; fileEncoding = 4; lastKnownFileType = sourcecode.c.h; path = CMSongInfo.h; sourceTree = "<group>"; };
		A9F856FB1CFD9678000B290A /* CMSongInfo.m */ = {isa = PBXFileReference; fileEncoding = 4; lastKnownFileType = sourcecode.c.objc; path = CMSongInfo.m; sourceTree = "<group>"; };
		A9F856FD1CFD9870000B290A /* MediaPlayer.framework */ = {isa = PBXFileReference; lastKnownFileType = wrapper.framework; name = MediaPlayer.framework; path = System/Library/Frameworks/MediaPlayer.framework; sourceTree = SDKROOT; };
		A9F856FF1CFD98A0000B290A /* AVFoundation.framework */ = {isa = PBXFileReference; lastKnownFileType = wrapper.framework; name = AVFoundation.framework; path = System/Library/Frameworks/AVFoundation.framework; sourceTree = SDKROOT; };
		A9FA8A281CDB91C6007B6E78 /* UINavigationController+FullScreenBackGesture.h */ = {isa = PBXFileReference; fileEncoding = 4; lastKnownFileType = sourcecode.c.h; path = "UINavigationController+FullScreenBackGesture.h"; sourceTree = "<group>"; };
		A9FA8A291CDB91C6007B6E78 /* UINavigationController+FullScreenBackGesture.m */ = {isa = PBXFileReference; fileEncoding = 4; lastKnownFileType = sourcecode.c.objc; path = "UINavigationController+FullScreenBackGesture.m"; sourceTree = "<group>"; };
		A9FA8A2C1CDB9755007B6E78 /* BaseNavigationController.h */ = {isa = PBXFileReference; fileEncoding = 4; lastKnownFileType = sourcecode.c.h; path = BaseNavigationController.h; sourceTree = "<group>"; };
		A9FA8A2D1CDB9755007B6E78 /* BaseNavigationController.m */ = {isa = PBXFileReference; fileEncoding = 4; lastKnownFileType = sourcecode.c.objc; path = BaseNavigationController.m; sourceTree = "<group>"; };
		A9FA8A2F1CDB9824007B6E78 /* AbstractViewController.h */ = {isa = PBXFileReference; fileEncoding = 4; lastKnownFileType = sourcecode.c.h; path = AbstractViewController.h; sourceTree = "<group>"; };
		A9FA8A301CDB9824007B6E78 /* AbstractViewController.m */ = {isa = PBXFileReference; fileEncoding = 4; lastKnownFileType = sourcecode.c.objc; path = AbstractViewController.m; sourceTree = "<group>"; };
		A9FA8A351CDB9C9F007B6E78 /* AbstractViewControllerSubviewsTagValue.h */ = {isa = PBXFileReference; lastKnownFileType = sourcecode.c.h; path = AbstractViewControllerSubviewsTagValue.h; sourceTree = "<group>"; };
		A9FA8A381CDBA394007B6E78 /* UIFont+GetFont.h */ = {isa = PBXFileReference; fileEncoding = 4; lastKnownFileType = sourcecode.c.h; path = "UIFont+GetFont.h"; sourceTree = "<group>"; };
		A9FA8A391CDBA394007B6E78 /* UIFont+GetFont.m */ = {isa = PBXFileReference; fileEncoding = 4; lastKnownFileType = sourcecode.c.objc; path = "UIFont+GetFont.m"; sourceTree = "<group>"; };
		A9FA8A3B1CDBA39F007B6E78 /* UIView+GetRect.h */ = {isa = PBXFileReference; fileEncoding = 4; lastKnownFileType = sourcecode.c.h; path = "UIView+GetRect.h"; sourceTree = "<group>"; };
		A9FA8A3C1CDBA39F007B6E78 /* UIView+GetRect.m */ = {isa = PBXFileReference; fileEncoding = 4; lastKnownFileType = sourcecode.c.objc; path = "UIView+GetRect.m"; sourceTree = "<group>"; };
		A9FA8A3E1CDBAA42007B6E78 /* BaseNormalViewController.h */ = {isa = PBXFileReference; fileEncoding = 4; lastKnownFileType = sourcecode.c.h; path = BaseNormalViewController.h; sourceTree = "<group>"; };
		A9FA8A3F1CDBAA42007B6E78 /* BaseNormalViewController.m */ = {isa = PBXFileReference; fileEncoding = 4; lastKnownFileType = sourcecode.c.objc; path = BaseNormalViewController.m; sourceTree = "<group>"; };
		A9FECBF01CFC3C64008B8354 /* CoreMusicState.h */ = {isa = PBXFileReference; lastKnownFileType = sourcecode.c.h; path = CoreMusicState.h; sourceTree = "<group>"; };
		E6681F967558A9F5E342AD81 /* libPods.a */ = {isa = PBXFileReference; explicitFileType = archive.ar; includeInIndex = 0; path = libPods.a; sourceTree = BUILT_PRODUCTS_DIR; };
/* End PBXFileReference section */

/* Begin PBXFrameworksBuildPhase section */
		A9705B591CDB461F0018814E /* Frameworks */ = {
			isa = PBXFrameworksBuildPhase;
			buildActionMask = 2147483647;
			files = (
				A9F857001CFD98A0000B290A /* AVFoundation.framework in Frameworks */,
				A9F856FE1CFD9870000B290A /* MediaPlayer.framework in Frameworks */,
				CA53C59B832A3AA23ED40CA3 /* libPods.a in Frameworks */,
			);
			runOnlyForDeploymentPostprocessing = 0;
		};
/* End PBXFrameworksBuildPhase section */

/* Begin PBXGroup section */
		18DE9D00B0768C5059F24BF7 /* Pods */ = {
			isa = PBXGroup;
			children = (
				5231CDED1F04916EBCB526E5 /* Pods.debug.xcconfig */,
				512FB04AA07FF74C943228C9 /* Pods.release.xcconfig */,
			);
			name = Pods;
			sourceTree = "<group>";
		};
		8D12C4D164935C10BE4BD2B5 /* Frameworks */ = {
			isa = PBXGroup;
			children = (
				A9F856FF1CFD98A0000B290A /* AVFoundation.framework */,
				A9F856FD1CFD9870000B290A /* MediaPlayer.framework */,
				E6681F967558A9F5E342AD81 /* libPods.a */,
			);
			name = Frameworks;
			sourceTree = "<group>";
		};
		A9705B531CDB461F0018814E = {
			isa = PBXGroup;
			children = (
				A9705B5E1CDB46200018814E /* lvMusic_iOS */,
				A9705B5D1CDB461F0018814E /* Products */,
				18DE9D00B0768C5059F24BF7 /* Pods */,
				8D12C4D164935C10BE4BD2B5 /* Frameworks */,
			);
			sourceTree = "<group>";
		};
		A9705B5D1CDB461F0018814E /* Products */ = {
			isa = PBXGroup;
			children = (
				A9705B5C1CDB461F0018814E /* lvMusic_iOS.app */,
			);
			name = Products;
			sourceTree = "<group>";
		};
		A9705B5E1CDB46200018814E /* lvMusic_iOS */ = {
			isa = PBXGroup;
			children = (
				A9705B621CDB46200018814E /* AppDelegate.h */,
				A9705B631CDB46200018814E /* AppDelegate.m */,
				A9FA8A251CDB90A1007B6E78 /* Classes */,
				A9705B5F1CDB46200018814E /* Supporting Files */,
			);
			path = lvMusic_iOS;
			sourceTree = "<group>";
		};
		A9705B5F1CDB46200018814E /* Supporting Files */ = {
			isa = PBXGroup;
			children = (
				A9705B651CDB46200018814E /* ViewController.h */,
				A9705B661CDB46200018814E /* ViewController.m */,
				A9705B681CDB46200018814E /* Main.storyboard */,
				A9705B6B1CDB46200018814E /* Assets.xcassets */,
				A9705B6D1CDB46200018814E /* LaunchScreen.storyboard */,
				A9705B701CDB46200018814E /* Info.plist */,
				A9705B601CDB46200018814E /* main.m */,
				A9705B851CDB52190018814E /* InfoPlist.strings */,
				A92D12701CF7F68700A5A2B2 /* PrefixHeader.pch */,
			);
			name = "Supporting Files";
			sourceTree = "<group>";
		};
		A9F1E3951CDC435900E4E511 /* Macros */ = {
			isa = PBXGroup;
			children = (
				A9F1E3961CDC43FB00E4E511 /* LvGlobal.h */,
			);
			path = Macros;
			sourceTree = "<group>";
		};
		A9F78C321CF6E0560010FF17 /* Controllers */ = {
			isa = PBXGroup;
			children = (
				A9F78C331CF6E06B0010FF17 /* CoreViews */,
			);
			path = Controllers;
			sourceTree = "<group>";
		};
		A9F78C331CF6E06B0010FF17 /* CoreViews */ = {
			isa = PBXGroup;
			children = (
				A9F856F91CFD95E4000B290A /* Model */,
				A9F856F51CFD9588000B290A /* CMPlayerManager */,
				A9F78C341CF6E0B60010FF17 /* CoreMusicPlayer.h */,
				A9F78C351CF6E0B60010FF17 /* CoreMusicPlayer.m */,
				A9F78C371CF6F17E0010FF17 /* CMPlayer.h */,
				A9F78C381CF6F17E0010FF17 /* CMPlayer.m */,
				A9F78C3A1CF6F1A90010FF17 /* CMToolView.h */,
				A9F78C3B1CF6F1A90010FF17 /* CMToolView.m */,
				A9FECBF01CFC3C64008B8354 /* CoreMusicState.h */,
			);
			path = CoreViews;
			sourceTree = "<group>";
		};
		A9F856F51CFD9588000B290A /* CMPlayerManager */ = {
			isa = PBXGroup;
			children = (
				A9F856F61CFD95A6000B290A /* CMPlayerManager.h */,
				A9F856F71CFD95A6000B290A /* CMPlayerManager.m */,
			);
			path = CMPlayerManager;
			sourceTree = "<group>";
		};
		A9F856F91CFD95E4000B290A /* Model */ = {
			isa = PBXGroup;
			children = (
				A9F856FA1CFD9678000B290A /* CMSongInfo.h */,
				A9F856FB1CFD9678000B290A /* CMSongInfo.m */,
			);
			path = Model;
			sourceTree = "<group>";
		};
		A9FA8A251CDB90A1007B6E78 /* Classes */ = {
			isa = PBXGroup;
			children = (
				A9F78C321CF6E0560010FF17 /* Controllers */,
				A9FA8A261CDB9158007B6E78 /* AbstractClasses */,
				A9FA8A361CDBA352007B6E78 /* Utility */,
			);
			path = Classes;
			sourceTree = "<group>";
		};
		A9FA8A261CDB9158007B6E78 /* AbstractClasses */ = {
			isa = PBXGroup;
			children = (
				A9FA8A2B1CDB9705007B6E78 /* BaseController */,
				A9FA8A271CDB9178007B6E78 /* AbstrackController */,
			);
			path = AbstractClasses;
			sourceTree = "<group>";
		};
		A9FA8A271CDB9178007B6E78 /* AbstrackController */ = {
			isa = PBXGroup;
			children = (
				A9FA8A281CDB91C6007B6E78 /* UINavigationController+FullScreenBackGesture.h */,
				A9FA8A291CDB91C6007B6E78 /* UINavigationController+FullScreenBackGesture.m */,
				A9FA8A351CDB9C9F007B6E78 /* AbstractViewControllerSubviewsTagValue.h */,
				A9FA8A2F1CDB9824007B6E78 /* AbstractViewController.h */,
				A9FA8A301CDB9824007B6E78 /* AbstractViewController.m */,
			);
			path = AbstrackController;
			sourceTree = "<group>";
		};
		A9FA8A2B1CDB9705007B6E78 /* BaseController */ = {
			isa = PBXGroup;
			children = (
				A9FA8A2C1CDB9755007B6E78 /* BaseNavigationController.h */,
				A9FA8A2D1CDB9755007B6E78 /* BaseNavigationController.m */,
				A9FA8A3E1CDBAA42007B6E78 /* BaseNormalViewController.h */,
				A9FA8A3F1CDBAA42007B6E78 /* BaseNormalViewController.m */,
			);
			path = BaseController;
			sourceTree = "<group>";
		};
		A9FA8A361CDBA352007B6E78 /* Utility */ = {
			isa = PBXGroup;
			children = (
				A9F1E3951CDC435900E4E511 /* Macros */,
				A9FA8A371CDBA365007B6E78 /* Category */,
			);
			path = Utility;
			sourceTree = "<group>";
		};
		A9FA8A371CDBA365007B6E78 /* Category */ = {
			isa = PBXGroup;
			children = (
				A9FA8A3B1CDBA39F007B6E78 /* UIView+GetRect.h */,
				A9FA8A3C1CDBA39F007B6E78 /* UIView+GetRect.m */,
				A9FA8A381CDBA394007B6E78 /* UIFont+GetFont.h */,
				A9FA8A391CDBA394007B6E78 /* UIFont+GetFont.m */,
				A9B10BC21CF30326004FB652 /* UIDevice+LVAdd.h */,
				A9B10BC31CF30326004FB652 /* UIDevice+LVAdd.m */,
				A9B10BC51CF30BA1004FB652 /* NSString+LVAdd.h */,
				A9B10BC61CF30BA1004FB652 /* NSString+LVAdd.m */,
			);
			path = Category;
			sourceTree = "<group>";
		};
/* End PBXGroup section */

/* Begin PBXNativeTarget section */
		A9705B5B1CDB461F0018814E /* lvMusic_iOS */ = {
			isa = PBXNativeTarget;
			buildConfigurationList = A9705B731CDB46200018814E /* Build configuration list for PBXNativeTarget "lvMusic_iOS" */;
			buildPhases = (
				E972EE3C855A44535D045C47 /* Check Pods Manifest.lock */,
				A9705B581CDB461F0018814E /* Sources */,
				A9705B591CDB461F0018814E /* Frameworks */,
				A9705B5A1CDB461F0018814E /* Resources */,
				E58B704C6A5874FD0CDA2946 /* Embed Pods Frameworks */,
				5F8F2B88513310C9B3ACF72C /* Copy Pods Resources */,
			);
			buildRules = (
			);
			dependencies = (
			);
			name = lvMusic_iOS;
			productName = lvMusic_iOS;
			productReference = A9705B5C1CDB461F0018814E /* lvMusic_iOS.app */;
			productType = "com.apple.product-type.application";
		};
/* End PBXNativeTarget section */

/* Begin PBXProject section */
		A9705B541CDB461F0018814E /* Project object */ = {
			isa = PBXProject;
			attributes = {
				LastUpgradeCheck = 0730;
				ORGANIZATIONNAME = lvhongyang;
				TargetAttributes = {
					A9705B5B1CDB461F0018814E = {
						CreatedOnToolsVersion = 7.3;
					};
				};
			};
			buildConfigurationList = A9705B571CDB461F0018814E /* Build configuration list for PBXProject "lvMusic_iOS" */;
			compatibilityVersion = "Xcode 3.2";
			developmentRegion = English;
			hasScannedForEncodings = 0;
			knownRegions = (
				en,
				Base,
				"zh-Hans",
			);
			mainGroup = A9705B531CDB461F0018814E;
			productRefGroup = A9705B5D1CDB461F0018814E /* Products */;
			projectDirPath = "";
			projectRoot = "";
			targets = (
				A9705B5B1CDB461F0018814E /* lvMusic_iOS */,
			);
		};
/* End PBXProject section */

/* Begin PBXResourcesBuildPhase section */
		A9705B5A1CDB461F0018814E /* Resources */ = {
			isa = PBXResourcesBuildPhase;
			buildActionMask = 2147483647;
			files = (
				A9705B6F1CDB46200018814E /* LaunchScreen.storyboard in Resources */,
				A9705B831CDB52190018814E /* InfoPlist.strings in Resources */,
				A9705B6C1CDB46200018814E /* Assets.xcassets in Resources */,
				A9705B6A1CDB46200018814E /* Main.storyboard in Resources */,
			);
			runOnlyForDeploymentPostprocessing = 0;
		};
/* End PBXResourcesBuildPhase section */

/* Begin PBXShellScriptBuildPhase section */
		5F8F2B88513310C9B3ACF72C /* Copy Pods Resources */ = {
			isa = PBXShellScriptBuildPhase;
			buildActionMask = 2147483647;
			files = (
			);
			inputPaths = (
			);
			name = "Copy Pods Resources";
			outputPaths = (
			);
			runOnlyForDeploymentPostprocessing = 0;
			shellPath = /bin/sh;
			shellScript = "\"${SRCROOT}/Pods/Target Support Files/Pods/Pods-resources.sh\"\n";
			showEnvVarsInLog = 0;
		};
		E58B704C6A5874FD0CDA2946 /* Embed Pods Frameworks */ = {
			isa = PBXShellScriptBuildPhase;
			buildActionMask = 2147483647;
			files = (
			);
			inputPaths = (
			);
			name = "Embed Pods Frameworks";
			outputPaths = (
			);
			runOnlyForDeploymentPostprocessing = 0;
			shellPath = /bin/sh;
			shellScript = "\"${SRCROOT}/Pods/Target Support Files/Pods/Pods-frameworks.sh\"\n";
			showEnvVarsInLog = 0;
		};
		E972EE3C855A44535D045C47 /* Check Pods Manifest.lock */ = {
			isa = PBXShellScriptBuildPhase;
			buildActionMask = 2147483647;
			files = (
			);
			inputPaths = (
			);
			name = "Check Pods Manifest.lock";
			outputPaths = (
			);
			runOnlyForDeploymentPostprocessing = 0;
			shellPath = /bin/sh;
			shellScript = "diff \"${PODS_ROOT}/../Podfile.lock\" \"${PODS_ROOT}/Manifest.lock\" > /dev/null\nif [[ $? != 0 ]] ; then\n    cat << EOM\nerror: The sandbox is not in sync with the Podfile.lock. Run 'pod install' or update your CocoaPods installation.\nEOM\n    exit 1\nfi\n";
			showEnvVarsInLog = 0;
		};
/* End PBXShellScriptBuildPhase section */

/* Begin PBXSourcesBuildPhase section */
		A9705B581CDB461F0018814E /* Sources */ = {
			isa = PBXSourcesBuildPhase;
			buildActionMask = 2147483647;
			files = (
				A9F856F81CFD95A6000B290A /* CMPlayerManager.m in Sources */,
				A9FA8A401CDBAA42007B6E78 /* BaseNormalViewController.m in Sources */,
				A9B10BC71CF30BA1004FB652 /* NSString+LVAdd.m in Sources */,
				A9705B671CDB46200018814E /* ViewController.m in Sources */,
				A9FA8A2A1CDB91C6007B6E78 /* UINavigationController+FullScreenBackGesture.m in Sources */,
				A9B10BC41CF30326004FB652 /* UIDevice+LVAdd.m in Sources */,
				A9FA8A3A1CDBA394007B6E78 /* UIFont+GetFont.m in Sources */,
				A9705B641CDB46200018814E /* AppDelegate.m in Sources */,
				A9F78C391CF6F17E0010FF17 /* CMPlayer.m in Sources */,
				A9F78C361CF6E0B60010FF17 /* CoreMusicPlayer.m in Sources */,
				A9F856FC1CFD9678000B290A /* CMSongInfo.m in Sources */,
				A9705B611CDB46200018814E /* main.m in Sources */,
				A9F78C3C1CF6F1A90010FF17 /* CMToolView.m in Sources */,
				A9FA8A311CDB9824007B6E78 /* AbstractViewController.m in Sources */,
				A9FA8A3D1CDBA39F007B6E78 /* UIView+GetRect.m in Sources */,
				A9FA8A2E1CDB9755007B6E78 /* BaseNavigationController.m in Sources */,
			);
			runOnlyForDeploymentPostprocessing = 0;
		};
/* End PBXSourcesBuildPhase section */

/* Begin PBXVariantGroup section */
		A9705B681CDB46200018814E /* Main.storyboard */ = {
			isa = PBXVariantGroup;
			children = (
				A9705B691CDB46200018814E /* Base */,
			);
			name = Main.storyboard;
			sourceTree = "<group>";
		};
		A9705B6D1CDB46200018814E /* LaunchScreen.storyboard */ = {
			isa = PBXVariantGroup;
			children = (
				A9705B6E1CDB46200018814E /* Base */,
			);
			name = LaunchScreen.storyboard;
			sourceTree = "<group>";
		};
		A9705B851CDB52190018814E /* InfoPlist.strings */ = {
			isa = PBXVariantGroup;
			children = (
				A9705B861CDB521F0018814E /* en */,
				A9705B871CDB522B0018814E /* zh-Hans */,
			);
			name = InfoPlist.strings;
			sourceTree = "<group>";
		};
/* End PBXVariantGroup section */

/* Begin XCBuildConfiguration section */
		A9705B711CDB46200018814E /* Debug */ = {
			isa = XCBuildConfiguration;
			buildSettings = {
				ALWAYS_SEARCH_USER_PATHS = NO;
				CLANG_ANALYZER_NONNULL = YES;
				CLANG_CXX_LANGUAGE_STANDARD = "gnu++0x";
				CLANG_CXX_LIBRARY = "libc++";
				CLANG_ENABLE_MODULES = YES;
				CLANG_ENABLE_OBJC_ARC = YES;
				CLANG_WARN_BOOL_CONVERSION = YES;
				CLANG_WARN_CONSTANT_CONVERSION = YES;
				CLANG_WARN_DIRECT_OBJC_ISA_USAGE = YES_ERROR;
				CLANG_WARN_EMPTY_BODY = YES;
				CLANG_WARN_ENUM_CONVERSION = YES;
				CLANG_WARN_INT_CONVERSION = YES;
				CLANG_WARN_OBJC_ROOT_CLASS = YES_ERROR;
				CLANG_WARN_UNREACHABLE_CODE = YES;
				CLANG_WARN__DUPLICATE_METHOD_MATCH = YES;
				"CODE_SIGN_IDENTITY[sdk=iphoneos*]" = "iPhone Developer";
				COPY_PHASE_STRIP = NO;
				DEBUG_INFORMATION_FORMAT = dwarf;
				ENABLE_STRICT_OBJC_MSGSEND = YES;
				ENABLE_TESTABILITY = YES;
				GCC_C_LANGUAGE_STANDARD = gnu99;
				GCC_DYNAMIC_NO_PIC = NO;
				GCC_NO_COMMON_BLOCKS = YES;
				GCC_OPTIMIZATION_LEVEL = 0;
				GCC_PREPROCESSOR_DEFINITIONS = (
					"DEBUG=1",
					"$(inherited)",
				);
				GCC_WARN_64_TO_32_BIT_CONVERSION = YES;
				GCC_WARN_ABOUT_RETURN_TYPE = YES_ERROR;
				GCC_WARN_UNDECLARED_SELECTOR = YES;
				GCC_WARN_UNINITIALIZED_AUTOS = YES_AGGRESSIVE;
				GCC_WARN_UNUSED_FUNCTION = YES;
				GCC_WARN_UNUSED_VARIABLE = YES;
				IPHONEOS_DEPLOYMENT_TARGET = 9.3;
				MTL_ENABLE_DEBUG_INFO = YES;
				ONLY_ACTIVE_ARCH = YES;
				SDKROOT = iphoneos;
			};
			name = Debug;
		};
		A9705B721CDB46200018814E /* Release */ = {
			isa = XCBuildConfiguration;
			buildSettings = {
				ALWAYS_SEARCH_USER_PATHS = NO;
				CLANG_ANALYZER_NONNULL = YES;
				CLANG_CXX_LANGUAGE_STANDARD = "gnu++0x";
				CLANG_CXX_LIBRARY = "libc++";
				CLANG_ENABLE_MODULES = YES;
				CLANG_ENABLE_OBJC_ARC = YES;
				CLANG_WARN_BOOL_CONVERSION = YES;
				CLANG_WARN_CONSTANT_CONVERSION = YES;
				CLANG_WARN_DIRECT_OBJC_ISA_USAGE = YES_ERROR;
				CLANG_WARN_EMPTY_BODY = YES;
				CLANG_WARN_ENUM_CONVERSION = YES;
				CLANG_WARN_INT_CONVERSION = YES;
				CLANG_WARN_OBJC_ROOT_CLASS = YES_ERROR;
				CLANG_WARN_UNREACHABLE_CODE = YES;
				CLANG_WARN__DUPLICATE_METHOD_MATCH = YES;
				"CODE_SIGN_IDENTITY[sdk=iphoneos*]" = "iPhone Developer";
				COPY_PHASE_STRIP = NO;
				DEBUG_INFORMATION_FORMAT = "dwarf-with-dsym";
				ENABLE_NS_ASSERTIONS = NO;
				ENABLE_STRICT_OBJC_MSGSEND = YES;
				GCC_C_LANGUAGE_STANDARD = gnu99;
				GCC_NO_COMMON_BLOCKS = YES;
				GCC_WARN_64_TO_32_BIT_CONVERSION = YES;
				GCC_WARN_ABOUT_RETURN_TYPE = YES_ERROR;
				GCC_WARN_UNDECLARED_SELECTOR = YES;
				GCC_WARN_UNINITIALIZED_AUTOS = YES_AGGRESSIVE;
				GCC_WARN_UNUSED_FUNCTION = YES;
				GCC_WARN_UNUSED_VARIABLE = YES;
				IPHONEOS_DEPLOYMENT_TARGET = 9.3;
				MTL_ENABLE_DEBUG_INFO = NO;
				SDKROOT = iphoneos;
				VALIDATE_PRODUCT = YES;
			};
			name = Release;
		};
		A9705B741CDB46200018814E /* Debug */ = {
			isa = XCBuildConfiguration;
			baseConfigurationReference = 5231CDED1F04916EBCB526E5 /* Pods.debug.xcconfig */;
			buildSettings = {
				ASSETCATALOG_COMPILER_APPICON_NAME = AppIcon;
				GCC_PREFIX_HEADER = lvMusic_iOS/PrefixHeader.pch;
				INFOPLIST_FILE = lvMusic_iOS/Info.plist;
				IPHONEOS_DEPLOYMENT_TARGET = 8.0;
				LD_RUNPATH_SEARCH_PATHS = "$(inherited) @executable_path/Frameworks";
				PRODUCT_BUNDLE_IDENTIFIER = "com.lv.lvMusic-iOS";
				PRODUCT_NAME = "$(TARGET_NAME)";
			};
			name = Debug;
		};
		A9705B751CDB46200018814E /* Release */ = {
			isa = XCBuildConfiguration;
			baseConfigurationReference = 512FB04AA07FF74C943228C9 /* Pods.release.xcconfig */;
			buildSettings = {
				ASSETCATALOG_COMPILER_APPICON_NAME = AppIcon;
				GCC_PREFIX_HEADER = lvMusic_iOS/PrefixHeader.pch;
				INFOPLIST_FILE = lvMusic_iOS/Info.plist;
				IPHONEOS_DEPLOYMENT_TARGET = 8.0;
				LD_RUNPATH_SEARCH_PATHS = "$(inherited) @executable_path/Frameworks";
				PRODUCT_BUNDLE_IDENTIFIER = "com.lv.lvMusic-iOS";
				PRODUCT_NAME = "$(TARGET_NAME)";
			};
			name = Release;
		};
/* End XCBuildConfiguration section */

/* Begin XCConfigurationList section */
		A9705B571CDB461F0018814E /* Build configuration list for PBXProject "lvMusic_iOS" */ = {
			isa = XCConfigurationList;
			buildConfigurations = (
				A9705B711CDB46200018814E /* Debug */,
				A9705B721CDB46200018814E /* Release */,
			);
			defaultConfigurationIsVisible = 0;
			defaultConfigurationName = Release;
		};
		A9705B731CDB46200018814E /* Build configuration list for PBXNativeTarget "lvMusic_iOS" */ = {
			isa = XCConfigurationList;
			buildConfigurations = (
				A9705B741CDB46200018814E /* Debug */,
				A9705B751CDB46200018814E /* Release */,
			);
			defaultConfigurationIsVisible = 0;
			defaultConfigurationName = Release;
		};
/* End XCConfigurationList section */
	};
	rootObject = A9705B541CDB461F0018814E /* Project object */;
}
